
Microsoft Visual Studio Solution File, Format Version 12.00
# Visual Studio 14
VisualStudioVersion = 14.0.25123.0
MinimumVisualStudioVersion = 10.0.40219.1
Project("{FAE04EC0-301F-11D3-BF4B-00C04F79EFBC}") = "01.CheckGrade", "01.CheckGrade\01.CheckGrade.csproj", "{5C6614D4-CA91-4DA0-B19C-E476CC15C662}"
EndProject
Project("{FAE04EC0-301F-11D3-BF4B-00C04F79EFBC}") = "xx.TEST", "xx.TEST\xx.TEST.csproj", "{D5B6FE83-1209-4BFE-8F39-46DE46F8F092}"
EndProject
Project("{FAE04EC0-301F-11D3-BF4B-00C04F79EFBC}") = "02.ExcellentOrNot", "02.ExcellentOrNot\02.ExcellentOrNot.csproj", "{EF3E7B15-EA02-453F-B5FE-6021E0CB89A4}"
EndProject
Project("{FAE04EC0-301F-11D3-BF4B-00C04F79EFBC}") = "03.OddEven", "OddEven\03.OddEven.csproj", "{3D9CBFFD-C7FD-474A-AA4D-2564AF6989F7}"
EndProject
Project("{FAE04EC0-301F-11D3-BF4B-00C04F79EFBC}") = "04.GreaterNumber", "04.GreaterNumber\04.GreaterNumber.csproj", "{209DA85F-E4C3-4135-AB6D-7ADBD6D99A9A}"
EndProject
Project("{FAE04EC0-301F-11D3-BF4B-00C04F79EFBC}") = "05.NumbersToText", "05.NumbersToText\05.NumbersToText.csproj", "{06C2E60D-78A2-46C3-85FD-793A2C884820}"
EndProject
Project("{FAE04EC0-301F-11D3-BF4B-00C04F79EFBC}") = "06.BonusScore", "06.BonusScore\06.BonusScore.csproj", "{1E42BFD7-C92F-49BC-AE31-7937149476E7}"
EndProject
Project("{FAE04EC0-301F-11D3-BF4B-00C04F79EFBC}") = "07.SumSeconds", "07.SumSeconds\07.SumSeconds.csproj", "{14BC3656-8763-4CC3-9E1B-8A6A1846A752}"
EndProject
Project("{FAE04EC0-301F-11D3-BF4B-00C04F79EFBC}") = "08.MetricConvertor", "08.MetricConvertor\08.MetricConvertor.csproj", "{0DA40E16-9DD4-46F7-8EA9-26BF648068FC}"
EndProject
Project("{FAE04EC0-301F-11D3-BF4B-00C04F79EFBC}") = "10.GuessPassword", "10.GuessPassword\10.GuessPassword.csproj", "{88C3194E-9223-49D3-84C7-F51C7937198B}"
EndProject
Project("{FAE04EC0-301F-11D3-BF4B-00C04F79EFBC}") = "11.Numbers100To200", "11.Numbers100To200\11.Numbers100To200.csproj", "{0FBB82F2-D345-4C18-9B45-AA8AB318D019}"
EndProject
Project("{FAE04EC0-301F-11D3-BF4B-00C04F79EFBC}") = "12.SameWords", "12.SameWords\12.SameWords.csproj", "{48833874-DCA9-4B75-A361-11EBB7CCC2EC}"
EndProject
Project("{FAE04EC0-301F-11D3-BF4B-00C04F79EFBC}") = "13.SpeedInfo", "13.SpeedInfo\13.SpeedInfo.csproj", "{B7F9B4EB-8514-4A23-A814-F401D7B3566E}"
EndProject
Project("{FAE04EC0-301F-11D3-BF4B-00C04F79EFBC}") = "14.AreaOfFigures", "14.AreaOfFigures\14.AreaOfFigures.csproj", "{CF190A42-904D-4673-8B08-DCE1140610F6}"
EndProject
Project("{FAE04EC0-301F-11D3-BF4B-00C04F79EFBC}") = "15.TimePlus15Minutes", "15.TimePlus15Minutes\15.TimePlus15Minutes.csproj", "{D77BA95A-CE14-486C-9BE4-2AD79CE54354}"
EndProject
Project("{FAE04EC0-301F-11D3-BF4B-00C04F79EFBC}") = "16.ThreeEqualNumbers", "16.ThreeEqualNumbers\16.ThreeEqualNumbers.csproj", "{CBC0FFCC-7534-408A-8C1E-70E487C62066}"
EndProject
Project("{FAE04EC0-301F-11D3-BF4B-00C04F79EFBC}") = "17.Num0To100Words", "17.Num0To100Words\17.Num0To100Words.csproj", "{D98ECE26-126F-4BFA-BE51-19122DAE52A4}"
EndProject
Project("{FAE04EC0-301F-11D3-BF4B-00C04F79EFBC}") = "xx.Transport", "xx.Transport\xx.Transport.csproj", "{714AC180-E83A-418D-A26C-B70448CC752D}"
EndProject
Project("{FAE04EC0-301F-11D3-BF4B-00C04F79EFBC}") = "081.MetricConvertor", "081.MetricConvertor\081.MetricConvertor.csproj", "{993FD01E-B985-4AA2-9013-2A6B1D188DBC}"
EndProject
Project("{FAE04EC0-301F-11D3-BF4B-00C04F79EFBC}") = "xx.Pool", "xx.Pool\xx.Pool.csproj", "{1BA93193-F032-469B-88E3-581AD29BD7FB}"
EndProject
Project("{FAE04EC0-301F-11D3-BF4B-00C04F79EFBC}") = "xx.SleepingTomCat", "xx.SleepingTomCat\xx.SleepingTomCat.csproj", "{AF33913E-2048-4F50-A29E-F685FF5BF9BD}"
EndProject
Project("{FAE04EC0-301F-11D3-BF4B-00C04F79EFBC}") = "17.1.Num0To100Words", "17.1.Num0To100Words\17.1.Num0To100Words.csproj", "{D1721EBB-9971-40DC-A497-9C24D8286601}"
EndProject
Project("{FAE04EC0-301F-11D3-BF4B-00C04F79EFBC}") = "17.x.NumToWords", "17.x.NumToWords\17.x.NumToWords.csproj", "{16CC96A8-EDE4-4CAE-92F8-83DBC1BE8379}"
EndProject
Global
	GlobalSection(SolutionConfigurationPlatforms) = preSolution
		Debug|Any CPU = Debug|Any CPU
		Release|Any CPU = Release|Any CPU
	EndGlobalSection
	GlobalSection(ProjectConfigurationPlatforms) = postSolution
		{5C6614D4-CA91-4DA0-B19C-E476CC15C662}.Debug|Any CPU.ActiveCfg = Debug|Any CPU
		{5C6614D4-CA91-4DA0-B19C-E476CC15C662}.Debug|Any CPU.Build.0 = Debug|Any CPU
		{5C6614D4-CA91-4DA0-B19C-E476CC15C662}.Release|Any CPU.ActiveCfg = Release|Any CPU
		{5C6614D4-CA91-4DA0-B19C-E476CC15C662}.Release|Any CPU.Build.0 = Release|Any CPU
		{D5B6FE83-1209-4BFE-8F39-46DE46F8F092}.Debug|Any CPU.ActiveCfg = Debug|Any CPU
		{D5B6FE83-1209-4BFE-8F39-46DE46F8F092}.Debug|Any CPU.Build.0 = Debug|Any CPU
		{D5B6FE83-1209-4BFE-8F39-46DE46F8F092}.Release|Any CPU.ActiveCfg = Release|Any CPU
		{D5B6FE83-1209-4BFE-8F39-46DE46F8F092}.Release|Any CPU.Build.0 = Release|Any CPU
		{EF3E7B15-EA02-453F-B5FE-6021E0CB89A4}.Debug|Any CPU.ActiveCfg = Debug|Any CPU
		{EF3E7B15-EA02-453F-B5FE-6021E0CB89A4}.Debug|Any CPU.Build.0 = Debug|Any CPU
		{EF3E7B15-EA02-453F-B5FE-6021E0CB89A4}.Release|Any CPU.ActiveCfg = Release|Any CPU
		{EF3E7B15-EA02-453F-B5FE-6021E0CB89A4}.Release|Any CPU.Build.0 = Release|Any CPU
		{3D9CBFFD-C7FD-474A-AA4D-2564AF6989F7}.Debug|Any CPU.ActiveCfg = Debug|Any CPU
		{3D9CBFFD-C7FD-474A-AA4D-2564AF6989F7}.Debug|Any CPU.Build.0 = Debug|Any CPU
		{3D9CBFFD-C7FD-474A-AA4D-2564AF6989F7}.Release|Any CPU.ActiveCfg = Release|Any CPU
		{3D9CBFFD-C7FD-474A-AA4D-2564AF6989F7}.Release|Any CPU.Build.0 = Release|Any CPU
		{209DA85F-E4C3-4135-AB6D-7ADBD6D99A9A}.Debug|Any CPU.ActiveCfg = Debug|Any CPU
		{209DA85F-E4C3-4135-AB6D-7ADBD6D99A9A}.Debug|Any CPU.Build.0 = Debug|Any CPU
		{209DA85F-E4C3-4135-AB6D-7ADBD6D99A9A}.Release|Any CPU.ActiveCfg = Release|Any CPU
		{209DA85F-E4C3-4135-AB6D-7ADBD6D99A9A}.Release|Any CPU.Build.0 = Release|Any CPU
		{06C2E60D-78A2-46C3-85FD-793A2C884820}.Debug|Any CPU.ActiveCfg = Debug|Any CPU
		{06C2E60D-78A2-46C3-85FD-793A2C884820}.Debug|Any CPU.Build.0 = Debug|Any CPU
		{06C2E60D-78A2-46C3-85FD-793A2C884820}.Release|Any CPU.ActiveCfg = Release|Any CPU
		{06C2E60D-78A2-46C3-85FD-793A2C884820}.Release|Any CPU.Build.0 = Release|Any CPU
		{1E42BFD7-C92F-49BC-AE31-7937149476E7}.Debug|Any CPU.ActiveCfg = Debug|Any CPU
		{1E42BFD7-C92F-49BC-AE31-7937149476E7}.Debug|Any CPU.Build.0 = Debug|Any CPU
		{1E42BFD7-C92F-49BC-AE31-7937149476E7}.Release|Any CPU.ActiveCfg = Release|Any CPU
		{1E42BFD7-C92F-49BC-AE31-7937149476E7}.Release|Any CPU.Build.0 = Release|Any CPU
		{14BC3656-8763-4CC3-9E1B-8A6A1846A752}.Debug|Any CPU.ActiveCfg = Debug|Any CPU
		{14BC3656-8763-4CC3-9E1B-8A6A1846A752}.Debug|Any CPU.Build.0 = Debug|Any CPU
		{14BC3656-8763-4CC3-9E1B-8A6A1846A752}.Release|Any CPU.ActiveCfg = Release|Any CPU
		{14BC3656-8763-4CC3-9E1B-8A6A1846A752}.Release|Any CPU.Build.0 = Release|Any CPU
		{0DA40E16-9DD4-46F7-8EA9-26BF648068FC}.Debug|Any CPU.ActiveCfg = Debug|Any CPU
		{0DA40E16-9DD4-46F7-8EA9-26BF648068FC}.Debug|Any CPU.Build.0 = Debug|Any CPU
		{0DA40E16-9DD4-46F7-8EA9-26BF648068FC}.Release|Any CPU.ActiveCfg = Release|Any CPU
		{0DA40E16-9DD4-46F7-8EA9-26BF648068FC}.Release|Any CPU.Build.0 = Release|Any CPU
		{88C3194E-9223-49D3-84C7-F51C7937198B}.Debug|Any CPU.ActiveCfg = Debug|Any CPU
		{88C3194E-9223-49D3-84C7-F51C7937198B}.Debug|Any CPU.Build.0 = Debug|Any CPU
		{88C3194E-9223-49D3-84C7-F51C7937198B}.Release|Any CPU.ActiveCfg = Release|Any CPU
		{88C3194E-9223-49D3-84C7-F51C7937198B}.Release|Any CPU.Build.0 = Release|Any CPU
		{0FBB82F2-D345-4C18-9B45-AA8AB318D019}.Debug|Any CPU.ActiveCfg = Debug|Any CPU
		{0FBB82F2-D345-4C18-9B45-AA8AB318D019}.Debug|Any CPU.Build.0 = Debug|Any CPU
		{0FBB82F2-D345-4C18-9B45-AA8AB318D019}.Release|Any CPU.ActiveCfg = Release|Any CPU
		{0FBB82F2-D345-4C18-9B45-AA8AB318D019}.Release|Any CPU.Build.0 = Release|Any CPU
		{48833874-DCA9-4B75-A361-11EBB7CCC2EC}.Debug|Any CPU.ActiveCfg = Debug|Any CPU
		{48833874-DCA9-4B75-A361-11EBB7CCC2EC}.Debug|Any CPU.Build.0 = Debug|Any CPU
		{48833874-DCA9-4B75-A361-11EBB7CCC2EC}.Release|Any CPU.ActiveCfg = Release|Any CPU
		{48833874-DCA9-4B75-A361-11EBB7CCC2EC}.Release|Any CPU.Build.0 = Release|Any CPU
		{B7F9B4EB-8514-4A23-A814-F401D7B3566E}.Debug|Any CPU.ActiveCfg = Debug|Any CPU
		{B7F9B4EB-8514-4A23-A814-F401D7B3566E}.Debug|Any CPU.Build.0 = Debug|Any CPU
		{B7F9B4EB-8514-4A23-A814-F401D7B3566E}.Release|Any CPU.ActiveCfg = Release|Any CPU
		{B7F9B4EB-8514-4A23-A814-F401D7B3566E}.Release|Any CPU.Build.0 = Release|Any CPU
		{CF190A42-904D-4673-8B08-DCE1140610F6}.Debug|Any CPU.ActiveCfg = Debug|Any CPU
		{CF190A42-904D-4673-8B08-DCE1140610F6}.Debug|Any CPU.Build.0 = Debug|Any CPU
		{CF190A42-904D-4673-8B08-DCE1140610F6}.Release|Any CPU.ActiveCfg = Release|Any CPU
		{CF190A42-904D-4673-8B08-DCE1140610F6}.Release|Any CPU.Build.0 = Release|Any CPU
		{D77BA95A-CE14-486C-9BE4-2AD79CE54354}.Debug|Any CPU.ActiveCfg = Debug|Any CPU
		{D77BA95A-CE14-486C-9BE4-2AD79CE54354}.Debug|Any CPU.Build.0 = Debug|Any CPU
		{D77BA95A-CE14-486C-9BE4-2AD79CE54354}.Release|Any CPU.ActiveCfg = Release|Any CPU
		{D77BA95A-CE14-486C-9BE4-2AD79CE54354}.Release|Any CPU.Build.0 = Release|Any CPU
		{CBC0FFCC-7534-408A-8C1E-70E487C62066}.Debug|Any CPU.ActiveCfg = Debug|Any CPU
		{CBC0FFCC-7534-408A-8C1E-70E487C62066}.Debug|Any CPU.Build.0 = Debug|Any CPU
		{CBC0FFCC-7534-408A-8C1E-70E487C62066}.Release|Any CPU.ActiveCfg = Release|Any CPU
		{CBC0FFCC-7534-408A-8C1E-70E487C62066}.Release|Any CPU.Build.0 = Release|Any CPU
		{D98ECE26-126F-4BFA-BE51-19122DAE52A4}.Debug|Any CPU.ActiveCfg = Debug|Any CPU
		{D98ECE26-126F-4BFA-BE51-19122DAE52A4}.Debug|Any CPU.Build.0 = Debug|Any CPU
		{D98ECE26-126F-4BFA-BE51-19122DAE52A4}.Release|Any CPU.ActiveCfg = Release|Any CPU
		{D98ECE26-126F-4BFA-BE51-19122DAE52A4}.Release|Any CPU.Build.0 = Release|Any CPU
		{714AC180-E83A-418D-A26C-B70448CC752D}.Debug|Any CPU.ActiveCfg = Debug|Any CPU
		{714AC180-E83A-418D-A26C-B70448CC752D}.Debug|Any CPU.Build.0 = Debug|Any CPU
		{714AC180-E83A-418D-A26C-B70448CC752D}.Release|Any CPU.ActiveCfg = Release|Any CPU
		{714AC180-E83A-418D-A26C-B70448CC752D}.Release|Any CPU.Build.0 = Release|Any CPU
		{993FD01E-B985-4AA2-9013-2A6B1D188DBC}.Debug|Any CPU.ActiveCfg = Debug|Any CPU
		{993FD01E-B985-4AA2-9013-2A6B1D188DBC}.Debug|Any CPU.Build.0 = Debug|Any CPU
		{993FD01E-B985-4AA2-9013-2A6B1D188DBC}.Release|Any CPU.ActiveCfg = Release|Any CPU
		{993FD01E-B985-4AA2-9013-2A6B1D188DBC}.Release|Any CPU.Build.0 = Release|Any CPU
		{1BA93193-F032-469B-88E3-581AD29BD7FB}.Debug|Any CPU.ActiveCfg = Debug|Any CPU
		{1BA93193-F032-469B-88E3-581AD29BD7FB}.Debug|Any CPU.Build.0 = Debug|Any CPU
		{1BA93193-F032-469B-88E3-581AD29BD7FB}.Release|Any CPU.ActiveCfg = Release|Any CPU
		{1BA93193-F032-469B-88E3-581AD29BD7FB}.Release|Any CPU.Build.0 = Release|Any CPU
		{AF33913E-2048-4F50-A29E-F685FF5BF9BD}.Debug|Any CPU.ActiveCfg = Debug|Any CPU
		{AF33913E-2048-4F50-A29E-F685FF5BF9BD}.Debug|Any CPU.Build.0 = Debug|Any CPU
		{AF33913E-2048-4F50-A29E-F685FF5BF9BD}.Release|Any CPU.ActiveCfg = Release|Any CPU
		{AF33913E-2048-4F50-A29E-F685FF5BF9BD}.Release|Any CPU.Build.0 = Release|Any CPU
		{D1721EBB-9971-40DC-A497-9C24D8286601}.Debug|Any CPU.ActiveCfg = Debug|Any CPU
		{D1721EBB-9971-40DC-A497-9C24D8286601}.Debug|Any CPU.Build.0 = Debug|Any CPU
		{D1721EBB-9971-40DC-A497-9C24D8286601}.Release|Any CPU.ActiveCfg = Release|Any CPU
		{D1721EBB-9971-40DC-A497-9C24D8286601}.Release|Any CPU.Build.0 = Release|Any CPU
		{16CC96A8-EDE4-4CAE-92F8-83DBC1BE8379}.Debug|Any CPU.ActiveCfg = Debug|Any CPU
		{16CC96A8-EDE4-4CAE-92F8-83DBC1BE8379}.Debug|Any CPU.Build.0 = Debug|Any CPU
		{16CC96A8-EDE4-4CAE-92F8-83DBC1BE8379}.Release|Any CPU.ActiveCfg = Release|Any CPU
		{16CC96A8-EDE4-4CAE-92F8-83DBC1BE8379}.Release|Any CPU.Build.0 = Release|Any CPU
	EndGlobalSection
	GlobalSection(SolutionProperties) = preSolution
		HideSolutionNode = FALSE
	EndGlobalSection
EndGlobal
