
Microsoft Visual Studio Solution File, Format Version 12.00
# Visual Studio 14
VisualStudioVersion = 14.0.25420.1
MinimumVisualStudioVersion = 10.0.40219.1
Project("{FAE04EC0-301F-11D3-BF4B-00C04F79EFBC}") = "01.CountRealNumbers", "01.CountRealNumbers\01.CountRealNumbers.csproj", "{7EE84F6E-AD0D-48D0-8F92-C9D3CF899686}"
EndProject
Project("{FAE04EC0-301F-11D3-BF4B-00C04F79EFBC}") = "02.OddOccurrences", "02.OddOccurrences\02.OddOccurrences.csproj", "{13A0ECD3-4406-4F31-9295-1706563A1464}"
EndProject
Project("{FAE04EC0-301F-11D3-BF4B-00C04F79EFBC}") = "03.MinMaxSumAverage", "03.MinMaxSumAverage\03.MinMaxSumAverage.csproj", "{84DECD22-43CB-41A9-B573-A4F7ACFC695E}"
EndProject
Project("{FAE04EC0-301F-11D3-BF4B-00C04F79EFBC}") = "04.Largest3Numbers", "04.Largest3Numbers\04.Largest3Numbers.csproj", "{925F0A85-BCF1-4B4D-97CF-8B25F3606FDF}"
EndProject
Project("{FAE04EC0-301F-11D3-BF4B-00C04F79EFBC}") = "05.ShortWordsSorted", "05.ShortWordsSorted\05.ShortWordsSorted.csproj", "{36D8C9DC-BF08-43E5-BFE1-6BAEBAE663F2}"
EndProject
Global
	GlobalSection(SolutionConfigurationPlatforms) = preSolution
		Debug|Any CPU = Debug|Any CPU
		Release|Any CPU = Release|Any CPU
	EndGlobalSection
	GlobalSection(ProjectConfigurationPlatforms) = postSolution
		{7EE84F6E-AD0D-48D0-8F92-C9D3CF899686}.Debug|Any CPU.ActiveCfg = Debug|Any CPU
		{7EE84F6E-AD0D-48D0-8F92-C9D3CF899686}.Debug|Any CPU.Build.0 = Debug|Any CPU
		{7EE84F6E-AD0D-48D0-8F92-C9D3CF899686}.Release|Any CPU.ActiveCfg = Release|Any CPU
		{7EE84F6E-AD0D-48D0-8F92-C9D3CF899686}.Release|Any CPU.Build.0 = Release|Any CPU
		{13A0ECD3-4406-4F31-9295-1706563A1464}.Debug|Any CPU.ActiveCfg = Debug|Any CPU
		{13A0ECD3-4406-4F31-9295-1706563A1464}.Debug|Any CPU.Build.0 = Debug|Any CPU
		{13A0ECD3-4406-4F31-9295-1706563A1464}.Release|Any CPU.ActiveCfg = Release|Any CPU
		{13A0ECD3-4406-4F31-9295-1706563A1464}.Release|Any CPU.Build.0 = Release|Any CPU
		{84DECD22-43CB-41A9-B573-A4F7ACFC695E}.Debug|Any CPU.ActiveCfg = Debug|Any CPU
		{84DECD22-43CB-41A9-B573-A4F7ACFC695E}.Debug|Any CPU.Build.0 = Debug|Any CPU
		{84DECD22-43CB-41A9-B573-A4F7ACFC695E}.Release|Any CPU.ActiveCfg = Release|Any CPU
		{84DECD22-43CB-41A9-B573-A4F7ACFC695E}.Release|Any CPU.Build.0 = Release|Any CPU
		{925F0A85-BCF1-4B4D-97CF-8B25F3606FDF}.Debug|Any CPU.ActiveCfg = Debug|Any CPU
		{925F0A85-BCF1-4B4D-97CF-8B25F3606FDF}.Debug|Any CPU.Build.0 = Debug|Any CPU
		{925F0A85-BCF1-4B4D-97CF-8B25F3606FDF}.Release|Any CPU.ActiveCfg = Release|Any CPU
		{925F0A85-BCF1-4B4D-97CF-8B25F3606FDF}.Release|Any CPU.Build.0 = Release|Any CPU
		{36D8C9DC-BF08-43E5-BFE1-6BAEBAE663F2}.Debug|Any CPU.ActiveCfg = Debug|Any CPU
		{36D8C9DC-BF08-43E5-BFE1-6BAEBAE663F2}.Debug|Any CPU.Build.0 = Debug|Any CPU
		{36D8C9DC-BF08-43E5-BFE1-6BAEBAE663F2}.Release|Any CPU.ActiveCfg = Release|Any CPU
		{36D8C9DC-BF08-43E5-BFE1-6BAEBAE663F2}.Release|Any CPU.Build.0 = Release|Any CPU
	EndGlobalSection
	GlobalSection(SolutionProperties) = preSolution
		HideSolutionNode = FALSE
	EndGlobalSection
EndGlobal
