
Microsoft Visual Studio Solution File, Format Version 12.00
# Visual Studio 14
VisualStudioVersion = 14.0.25123.0
MinimumVisualStudioVersion = 10.0.40219.1
Project("{FAE04EC0-301F-11D3-BF4B-00C04F79EFBC}") = "Test1", "Test1\Test1.csproj", "{2C6302BC-494C-4CFE-88A0-154696D02929}"
EndProject
Project("{FAE04EC0-301F-11D3-BF4B-00C04F79EFBC}") = "ConsoleApplication1", "ConsoleApplication1\ConsoleApplication1.csproj", "{C86F8A36-1B19-4103-9095-587CE073C07B}"
EndProject
Project("{FAE04EC0-301F-11D3-BF4B-00C04F79EFBC}") = "TestApp", "ConsoleApplication2\TestApp.csproj", "{B8FD8697-906B-4F93-9623-382AFDF50FF6}"
EndProject
Project("{FAE04EC0-301F-11D3-BF4B-00C04F79EFBC}") = "DataForm", "DataForm\DataForm.csproj", "{1B96C9BC-9205-4BA2-A1EA-DDDE7382DE4E}"
EndProject
Project("{FAE04EC0-301F-11D3-BF4B-00C04F79EFBC}") = "WFA_DB", "WFA_DB\WFA_DB.csproj", "{2A334ADE-C2BD-4975-ACC1-39E45C9DF682}"
EndProject
Global
	GlobalSection(SolutionConfigurationPlatforms) = preSolution
		Debug|Any CPU = Debug|Any CPU
		Release|Any CPU = Release|Any CPU
	EndGlobalSection
	GlobalSection(ProjectConfigurationPlatforms) = postSolution
		{2C6302BC-494C-4CFE-88A0-154696D02929}.Debug|Any CPU.ActiveCfg = Debug|Any CPU
		{2C6302BC-494C-4CFE-88A0-154696D02929}.Debug|Any CPU.Build.0 = Debug|Any CPU
		{2C6302BC-494C-4CFE-88A0-154696D02929}.Release|Any CPU.ActiveCfg = Release|Any CPU
		{2C6302BC-494C-4CFE-88A0-154696D02929}.Release|Any CPU.Build.0 = Release|Any CPU
		{C86F8A36-1B19-4103-9095-587CE073C07B}.Debug|Any CPU.ActiveCfg = Debug|Any CPU
		{C86F8A36-1B19-4103-9095-587CE073C07B}.Debug|Any CPU.Build.0 = Debug|Any CPU
		{C86F8A36-1B19-4103-9095-587CE073C07B}.Release|Any CPU.ActiveCfg = Release|Any CPU
		{C86F8A36-1B19-4103-9095-587CE073C07B}.Release|Any CPU.Build.0 = Release|Any CPU
		{B8FD8697-906B-4F93-9623-382AFDF50FF6}.Debug|Any CPU.ActiveCfg = Debug|Any CPU
		{B8FD8697-906B-4F93-9623-382AFDF50FF6}.Debug|Any CPU.Build.0 = Debug|Any CPU
		{B8FD8697-906B-4F93-9623-382AFDF50FF6}.Release|Any CPU.ActiveCfg = Release|Any CPU
		{B8FD8697-906B-4F93-9623-382AFDF50FF6}.Release|Any CPU.Build.0 = Release|Any CPU
		{1B96C9BC-9205-4BA2-A1EA-DDDE7382DE4E}.Debug|Any CPU.ActiveCfg = Debug|Any CPU
		{1B96C9BC-9205-4BA2-A1EA-DDDE7382DE4E}.Debug|Any CPU.Build.0 = Debug|Any CPU
		{1B96C9BC-9205-4BA2-A1EA-DDDE7382DE4E}.Release|Any CPU.ActiveCfg = Release|Any CPU
		{1B96C9BC-9205-4BA2-A1EA-DDDE7382DE4E}.Release|Any CPU.Build.0 = Release|Any CPU
		{2A334ADE-C2BD-4975-ACC1-39E45C9DF682}.Debug|Any CPU.ActiveCfg = Debug|Any CPU
		{2A334ADE-C2BD-4975-ACC1-39E45C9DF682}.Debug|Any CPU.Build.0 = Debug|Any CPU
		{2A334ADE-C2BD-4975-ACC1-39E45C9DF682}.Release|Any CPU.ActiveCfg = Release|Any CPU
		{2A334ADE-C2BD-4975-ACC1-39E45C9DF682}.Release|Any CPU.Build.0 = Release|Any CPU
	EndGlobalSection
	GlobalSection(SolutionProperties) = preSolution
		HideSolutionNode = FALSE
	EndGlobalSection
EndGlobal
