
Microsoft Visual Studio Solution File, Format Version 12.00
# Visual Studio 14
VisualStudioVersion = 14.0.25123.0
MinimumVisualStudioVersion = 10.0.40219.1
Project("{FAE04EC0-301F-11D3-BF4B-00C04F79EFBC}") = "03.Greeting", "04.Greeting\03.Greeting.csproj", "{502F7F4A-2C1F-4B34-A151-B98B0B936CBF}"
EndProject
Project("{FAE04EC0-301F-11D3-BF4B-00C04F79EFBC}") = "01.Lice Kvadrat", "01.Lice Kvadrat\01.Lice Kvadrat.csproj", "{46D765AD-0D22-4FC1-9F40-987D420CD450}"
EndProject
Project("{FAE04EC0-301F-11D3-BF4B-00C04F79EFBC}") = "02.CmToInch", "02.CmToInch\02.CmToInch.csproj", "{0B716091-1695-4FBD-8E47-2AA51A4A2985}"
EndProject
Project("{FAE04EC0-301F-11D3-BF4B-00C04F79EFBC}") = "04.Concatenate", "04.Concatenate\04.Concatenate.csproj", "{51DEF88D-C3FB-4B6F-8A54-12DB01547DE6}"
EndProject
Project("{FAE04EC0-301F-11D3-BF4B-00C04F79EFBC}") = "05.Trapezoid-Area", "05.Trapezoid-Area\05.Trapezoid-Area.csproj", "{E95FD275-1248-42A6-AB15-6FCE5602EC8B}"
EndProject
Project("{FAE04EC0-301F-11D3-BF4B-00C04F79EFBC}") = "06.CircleSP", "06.TriangleSP\06.CircleSP.csproj", "{44B212A6-FF78-4AE2-BE96-BE51363A558B}"
EndProject
Project("{FAE04EC0-301F-11D3-BF4B-00C04F79EFBC}") = "07. 2D Rectangle", "07. 2D Rectangle\07. 2D Rectangle.csproj", "{9CFB609B-1A73-4A1A-9156-02F0495A0A3C}"
EndProject
Project("{FAE04EC0-301F-11D3-BF4B-00C04F79EFBC}") = "09.AreaOfTriangle", "09.AreaOfTriangle\09.AreaOfTriangle.csproj", "{377D10D5-B809-46FD-99B0-D0666CC582DB}"
EndProject
Project("{FAE04EC0-301F-11D3-BF4B-00C04F79EFBC}") = "10.CelsiusToFahrenheit", "10.CelsiusToFahrenheit\10.CelsiusToFahrenheit.csproj", "{26E4EBF7-A429-4C3A-BE31-C19FFB8F6ED2}"
EndProject
Project("{FAE04EC0-301F-11D3-BF4B-00C04F79EFBC}") = "11.RadToDegConv", "11.RadToDegConv\11.RadToDegConv.csproj", "{DCEEF8DE-E671-4FFF-8CF3-D5E0AFD785E3}"
EndProject
Project("{FAE04EC0-301F-11D3-BF4B-00C04F79EFBC}") = "12.USD-to-BGN", "12.USD-to-BGN\12.USD-to-BGN.csproj", "{3656C5D1-CE67-429A-A55F-672400E81E98}"
EndProject
Project("{FAE04EC0-301F-11D3-BF4B-00C04F79EFBC}") = "13.MoneyExchangeCalc", "13.MoneyExchangeCalc\13.MoneyExchangeCalc.csproj", "{843DF732-B648-4937-AE38-21A2E45A5506}"
EndProject
Project("{FAE04EC0-301F-11D3-BF4B-00C04F79EFBC}") = "xx.test", "xx.test\xx.test.csproj", "{B8D724B5-9DA6-470C-8303-7409D99CA1F0}"
EndProject
Project("{FAE04EC0-301F-11D3-BF4B-00C04F79EFBC}") = "14.Add100Days", "Add100Days\14.Add100Days.csproj", "{6D262C62-0515-4489-9F5A-0504581244CA}"
EndProject
Project("{FAE04EC0-301F-11D3-BF4B-00C04F79EFBC}") = "15.BGNtoEUR-Conv", "15.BGNtoEUR-Conv\15.BGNtoEUR-Conv.csproj", "{16BD8AD8-BEEB-4F1E-983A-5F16D2B22653}"
EndProject
Project("{FAE04EC0-301F-11D3-BF4B-00C04F79EFBC}") = "16.CatchMe", "16.CatchMe\16.CatchMe.csproj", "{F4E08491-B9BC-4713-B705-1B6FAE4606FE}"
EndProject
Project("{FAE04EC0-301F-11D3-BF4B-00C04F79EFBC}") = "17.StudyHall", "17.StudyHall\17.StudyHall.csproj", "{0209ED8E-A611-4CCF-803C-618E9B43321C}"
EndProject
Project("{FAE04EC0-301F-11D3-BF4B-00C04F79EFBC}") = "18.Borsa", "18.Borsa\18.Borsa.csproj", "{21CAED08-65B9-4AFA-B1DF-538EC2DC2B52}"
EndProject
Project("{FAE04EC0-301F-11D3-BF4B-00C04F79EFBC}") = "19.YardAndTiles", "19.YardAndTiles\19.YardAndTiles.csproj", "{FE8C6DF2-ACB9-402E-8DBA-623706F10E98}"
EndProject
Global
	GlobalSection(SolutionConfigurationPlatforms) = preSolution
		Debug|Any CPU = Debug|Any CPU
		Release|Any CPU = Release|Any CPU
	EndGlobalSection
	GlobalSection(ProjectConfigurationPlatforms) = postSolution
		{502F7F4A-2C1F-4B34-A151-B98B0B936CBF}.Debug|Any CPU.ActiveCfg = Debug|Any CPU
		{502F7F4A-2C1F-4B34-A151-B98B0B936CBF}.Debug|Any CPU.Build.0 = Debug|Any CPU
		{502F7F4A-2C1F-4B34-A151-B98B0B936CBF}.Release|Any CPU.ActiveCfg = Release|Any CPU
		{502F7F4A-2C1F-4B34-A151-B98B0B936CBF}.Release|Any CPU.Build.0 = Release|Any CPU
		{46D765AD-0D22-4FC1-9F40-987D420CD450}.Debug|Any CPU.ActiveCfg = Debug|Any CPU
		{46D765AD-0D22-4FC1-9F40-987D420CD450}.Debug|Any CPU.Build.0 = Debug|Any CPU
		{46D765AD-0D22-4FC1-9F40-987D420CD450}.Release|Any CPU.ActiveCfg = Release|Any CPU
		{46D765AD-0D22-4FC1-9F40-987D420CD450}.Release|Any CPU.Build.0 = Release|Any CPU
		{0B716091-1695-4FBD-8E47-2AA51A4A2985}.Debug|Any CPU.ActiveCfg = Debug|Any CPU
		{0B716091-1695-4FBD-8E47-2AA51A4A2985}.Debug|Any CPU.Build.0 = Debug|Any CPU
		{0B716091-1695-4FBD-8E47-2AA51A4A2985}.Release|Any CPU.ActiveCfg = Release|Any CPU
		{0B716091-1695-4FBD-8E47-2AA51A4A2985}.Release|Any CPU.Build.0 = Release|Any CPU
		{51DEF88D-C3FB-4B6F-8A54-12DB01547DE6}.Debug|Any CPU.ActiveCfg = Debug|Any CPU
		{51DEF88D-C3FB-4B6F-8A54-12DB01547DE6}.Debug|Any CPU.Build.0 = Debug|Any CPU
		{51DEF88D-C3FB-4B6F-8A54-12DB01547DE6}.Release|Any CPU.ActiveCfg = Release|Any CPU
		{51DEF88D-C3FB-4B6F-8A54-12DB01547DE6}.Release|Any CPU.Build.0 = Release|Any CPU
		{E95FD275-1248-42A6-AB15-6FCE5602EC8B}.Debug|Any CPU.ActiveCfg = Debug|Any CPU
		{E95FD275-1248-42A6-AB15-6FCE5602EC8B}.Debug|Any CPU.Build.0 = Debug|Any CPU
		{E95FD275-1248-42A6-AB15-6FCE5602EC8B}.Release|Any CPU.ActiveCfg = Release|Any CPU
		{E95FD275-1248-42A6-AB15-6FCE5602EC8B}.Release|Any CPU.Build.0 = Release|Any CPU
		{44B212A6-FF78-4AE2-BE96-BE51363A558B}.Debug|Any CPU.ActiveCfg = Debug|Any CPU
		{44B212A6-FF78-4AE2-BE96-BE51363A558B}.Debug|Any CPU.Build.0 = Debug|Any CPU
		{44B212A6-FF78-4AE2-BE96-BE51363A558B}.Release|Any CPU.ActiveCfg = Release|Any CPU
		{44B212A6-FF78-4AE2-BE96-BE51363A558B}.Release|Any CPU.Build.0 = Release|Any CPU
		{9CFB609B-1A73-4A1A-9156-02F0495A0A3C}.Debug|Any CPU.ActiveCfg = Debug|Any CPU
		{9CFB609B-1A73-4A1A-9156-02F0495A0A3C}.Debug|Any CPU.Build.0 = Debug|Any CPU
		{9CFB609B-1A73-4A1A-9156-02F0495A0A3C}.Release|Any CPU.ActiveCfg = Release|Any CPU
		{9CFB609B-1A73-4A1A-9156-02F0495A0A3C}.Release|Any CPU.Build.0 = Release|Any CPU
		{377D10D5-B809-46FD-99B0-D0666CC582DB}.Debug|Any CPU.ActiveCfg = Debug|Any CPU
		{377D10D5-B809-46FD-99B0-D0666CC582DB}.Debug|Any CPU.Build.0 = Debug|Any CPU
		{377D10D5-B809-46FD-99B0-D0666CC582DB}.Release|Any CPU.ActiveCfg = Release|Any CPU
		{377D10D5-B809-46FD-99B0-D0666CC582DB}.Release|Any CPU.Build.0 = Release|Any CPU
		{26E4EBF7-A429-4C3A-BE31-C19FFB8F6ED2}.Debug|Any CPU.ActiveCfg = Debug|Any CPU
		{26E4EBF7-A429-4C3A-BE31-C19FFB8F6ED2}.Debug|Any CPU.Build.0 = Debug|Any CPU
		{26E4EBF7-A429-4C3A-BE31-C19FFB8F6ED2}.Release|Any CPU.ActiveCfg = Release|Any CPU
		{26E4EBF7-A429-4C3A-BE31-C19FFB8F6ED2}.Release|Any CPU.Build.0 = Release|Any CPU
		{DCEEF8DE-E671-4FFF-8CF3-D5E0AFD785E3}.Debug|Any CPU.ActiveCfg = Debug|Any CPU
		{DCEEF8DE-E671-4FFF-8CF3-D5E0AFD785E3}.Debug|Any CPU.Build.0 = Debug|Any CPU
		{DCEEF8DE-E671-4FFF-8CF3-D5E0AFD785E3}.Release|Any CPU.ActiveCfg = Release|Any CPU
		{DCEEF8DE-E671-4FFF-8CF3-D5E0AFD785E3}.Release|Any CPU.Build.0 = Release|Any CPU
		{3656C5D1-CE67-429A-A55F-672400E81E98}.Debug|Any CPU.ActiveCfg = Debug|Any CPU
		{3656C5D1-CE67-429A-A55F-672400E81E98}.Debug|Any CPU.Build.0 = Debug|Any CPU
		{3656C5D1-CE67-429A-A55F-672400E81E98}.Release|Any CPU.ActiveCfg = Release|Any CPU
		{3656C5D1-CE67-429A-A55F-672400E81E98}.Release|Any CPU.Build.0 = Release|Any CPU
		{843DF732-B648-4937-AE38-21A2E45A5506}.Debug|Any CPU.ActiveCfg = Debug|Any CPU
		{843DF732-B648-4937-AE38-21A2E45A5506}.Debug|Any CPU.Build.0 = Debug|Any CPU
		{843DF732-B648-4937-AE38-21A2E45A5506}.Release|Any CPU.ActiveCfg = Release|Any CPU
		{843DF732-B648-4937-AE38-21A2E45A5506}.Release|Any CPU.Build.0 = Release|Any CPU
		{B8D724B5-9DA6-470C-8303-7409D99CA1F0}.Debug|Any CPU.ActiveCfg = Debug|Any CPU
		{B8D724B5-9DA6-470C-8303-7409D99CA1F0}.Debug|Any CPU.Build.0 = Debug|Any CPU
		{B8D724B5-9DA6-470C-8303-7409D99CA1F0}.Release|Any CPU.ActiveCfg = Release|Any CPU
		{B8D724B5-9DA6-470C-8303-7409D99CA1F0}.Release|Any CPU.Build.0 = Release|Any CPU
		{6D262C62-0515-4489-9F5A-0504581244CA}.Debug|Any CPU.ActiveCfg = Debug|Any CPU
		{6D262C62-0515-4489-9F5A-0504581244CA}.Debug|Any CPU.Build.0 = Debug|Any CPU
		{6D262C62-0515-4489-9F5A-0504581244CA}.Release|Any CPU.ActiveCfg = Release|Any CPU
		{6D262C62-0515-4489-9F5A-0504581244CA}.Release|Any CPU.Build.0 = Release|Any CPU
		{16BD8AD8-BEEB-4F1E-983A-5F16D2B22653}.Debug|Any CPU.ActiveCfg = Debug|Any CPU
		{16BD8AD8-BEEB-4F1E-983A-5F16D2B22653}.Debug|Any CPU.Build.0 = Debug|Any CPU
		{16BD8AD8-BEEB-4F1E-983A-5F16D2B22653}.Release|Any CPU.ActiveCfg = Release|Any CPU
		{16BD8AD8-BEEB-4F1E-983A-5F16D2B22653}.Release|Any CPU.Build.0 = Release|Any CPU
		{F4E08491-B9BC-4713-B705-1B6FAE4606FE}.Debug|Any CPU.ActiveCfg = Debug|Any CPU
		{F4E08491-B9BC-4713-B705-1B6FAE4606FE}.Debug|Any CPU.Build.0 = Debug|Any CPU
		{F4E08491-B9BC-4713-B705-1B6FAE4606FE}.Release|Any CPU.ActiveCfg = Release|Any CPU
		{F4E08491-B9BC-4713-B705-1B6FAE4606FE}.Release|Any CPU.Build.0 = Release|Any CPU
		{0209ED8E-A611-4CCF-803C-618E9B43321C}.Debug|Any CPU.ActiveCfg = Debug|Any CPU
		{0209ED8E-A611-4CCF-803C-618E9B43321C}.Debug|Any CPU.Build.0 = Debug|Any CPU
		{0209ED8E-A611-4CCF-803C-618E9B43321C}.Release|Any CPU.ActiveCfg = Release|Any CPU
		{0209ED8E-A611-4CCF-803C-618E9B43321C}.Release|Any CPU.Build.0 = Release|Any CPU
		{21CAED08-65B9-4AFA-B1DF-538EC2DC2B52}.Debug|Any CPU.ActiveCfg = Debug|Any CPU
		{21CAED08-65B9-4AFA-B1DF-538EC2DC2B52}.Debug|Any CPU.Build.0 = Debug|Any CPU
		{21CAED08-65B9-4AFA-B1DF-538EC2DC2B52}.Release|Any CPU.ActiveCfg = Release|Any CPU
		{21CAED08-65B9-4AFA-B1DF-538EC2DC2B52}.Release|Any CPU.Build.0 = Release|Any CPU
		{FE8C6DF2-ACB9-402E-8DBA-623706F10E98}.Debug|Any CPU.ActiveCfg = Debug|Any CPU
		{FE8C6DF2-ACB9-402E-8DBA-623706F10E98}.Debug|Any CPU.Build.0 = Debug|Any CPU
		{FE8C6DF2-ACB9-402E-8DBA-623706F10E98}.Release|Any CPU.ActiveCfg = Release|Any CPU
		{FE8C6DF2-ACB9-402E-8DBA-623706F10E98}.Release|Any CPU.Build.0 = Release|Any CPU
	EndGlobalSection
	GlobalSection(SolutionProperties) = preSolution
		HideSolutionNode = FALSE
	EndGlobalSection
EndGlobal
